{"format_version":"0.1","terraform_version":"0.12.25","planned_values":{"root_module":{"resources":[{"address":"aws_elasticache_replication_group.example","mode":"managed","type":"aws_elasticache_replication_group","name":"example","provider_name":"aws","schema_version":1,"values":{"at_rest_encryption_enabled":true,"auth_token":null,"auto_minor_version_upgrade":true,"automatic_failover_enabled":true,"availability_zones":["us-west-2a","us-west-2b"],"engine":"redis","kms_key_id":null,"node_type":"cache.m4.large","notification_topic_arn":null,"number_cache_clusters":2,"parameter_group_name":"default.redis3.2","port":6379,"replication_group_description":"test description","replication_group_id":"tf-rep-group-1","snapshot_arns":null,"snapshot_name":null,"snapshot_retention_limit":null,"tags":null,"timeouts":null,"transit_encryption_enabled":true}}]}},"resource_changes":[{"address":"aws_elasticache_replication_group.example","mode":"managed","type":"aws_elasticache_replication_group","name":"example","provider_name":"aws","change":{"actions":["create"],"before":null,"after":{"at_rest_encryption_enabled":true,"auth_token":null,"auto_minor_version_upgrade":true,"automatic_failover_enabled":true,"availability_zones":["us-west-2a","us-west-2b"],"engine":"redis","kms_key_id":null,"node_type":"cache.m4.large","notification_topic_arn":null,"number_cache_clusters":2,"parameter_group_name":"default.redis3.2","port":6379,"replication_group_description":"test description","replication_group_id":"tf-rep-group-1","snapshot_arns":null,"snapshot_name":null,"snapshot_retention_limit":null,"tags":null,"timeouts":null,"transit_encryption_enabled":true},"after_unknown":{"apply_immediately":true,"availability_zones":[false,false],"cluster_mode":true,"configuration_endpoint_address":true,"engine_version":true,"id":true,"maintenance_window":true,"member_clusters":true,"primary_endpoint_address":true,"security_group_ids":true,"security_group_names":true,"snapshot_window":true,"subnet_group_name":true}}}],"configuration":{"root_module":{"resources":[{"address":"aws_elasticache_replication_group.example","mode":"managed","type":"aws_elasticache_replication_group","name":"example","provider_config_key":"aws","expressions":{"at_rest_encryption_enabled":{"constant_value":true},"automatic_failover_enabled":{"constant_value":true},"availability_zones":{"constant_value":["us-west-2a","us-west-2b"]},"node_type":{"constant_value":"cache.m4.large"},"number_cache_clusters":{"constant_value":2},"parameter_group_name":{"constant_value":"default.redis3.2"},"port":{"constant_value":6379},"replication_group_description":{"constant_value":"test description"},"replication_group_id":{"constant_value":"tf-rep-group-1"},"transit_encryption_enabled":{"constant_value":true}},"schema_version":1}]}}}
