{"format_version":"0.1","terraform_version":"0.12.25","planned_values":{"root_module":{"resources":[{"address":"aws_iam_account_password_policy.strict","mode":"managed","type":"aws_iam_account_password_policy","name":"strict","provider_name":"aws","schema_version":0,"values":{"allow_users_to_change_password":true,"minimum_password_length":5,"require_lowercase_characters":true,"require_numbers":true,"require_symbols":true}},{"address":"aws_iam_policy.policy","mode":"managed","type":"aws_iam_policy","name":"policy","provider_name":"aws","schema_version":0,"values":{"description":"My test policy","name":"test_policy","name_prefix":null,"path":"/","policy":"{\n  \"Version\": \"2012-10-17\",\n  \"Statement\": [\n    {\n      \"Action\": [\n        \"sts:AssumeRole\"\n      ],\n      \"Effect\": \"Allow\",\n      \"Resource\": \"ec2\"\n    }\n  ]\n}\n"}}]}},"resource_changes":[{"address":"aws_iam_account_password_policy.strict","mode":"managed","type":"aws_iam_account_password_policy","name":"strict","provider_name":"aws","change":{"actions":["create"],"before":null,"after":{"allow_users_to_change_password":true,"minimum_password_length":5,"require_lowercase_characters":true,"require_numbers":true,"require_symbols":true},"after_unknown":{"expire_passwords":true,"hard_expiry":true,"id":true,"max_password_age":true,"password_reuse_prevention":true,"require_uppercase_characters":true}}},{"address":"aws_iam_policy.policy","mode":"managed","type":"aws_iam_policy","name":"policy","provider_name":"aws","change":{"actions":["create"],"before":null,"after":{"description":"My test policy","name":"test_policy","name_prefix":null,"path":"/","policy":"{\n  \"Version\": \"2012-10-17\",\n  \"Statement\": [\n    {\n      \"Action\": [\n        \"sts:AssumeRole\"\n      ],\n      \"Effect\": \"Allow\",\n      \"Resource\": \"ec2\"\n    }\n  ]\n}\n"},"after_unknown":{"arn":true,"id":true}}}],"configuration":{"root_module":{"resources":[{"address":"aws_iam_account_password_policy.strict","mode":"managed","type":"aws_iam_account_password_policy","name":"strict","provider_config_key":"aws","expressions":{"allow_users_to_change_password":{"constant_value":true},"minimum_password_length":{"constant_value":5},"require_lowercase_characters":{"constant_value":true},"require_numbers":{"constant_value":true},"require_symbols":{"constant_value":true}},"schema_version":0},{"address":"aws_iam_policy.policy","mode":"managed","type":"aws_iam_policy","name":"policy","provider_config_key":"aws","expressions":{"description":{"constant_value":"My test policy"},"name":{"constant_value":"test_policy"},"path":{"constant_value":"/"},"policy":{"constant_value":"{\n  \"Version\": \"2012-10-17\",\n  \"Statement\": [\n    {\n      \"Action\": [\n        \"sts:AssumeRole\"\n      ],\n      \"Effect\": \"Allow\",\n      \"Resource\": \"ec2\"\n    }\n  ]\n}\n"}},"schema_version":0}]}}}
