{"format_version":"0.1","terraform_version":"0.12.25","planned_values":{"root_module":{"resources":[{"address":"aws_db_security_group.example_db","mode":"managed","type":"aws_db_security_group","name":"example_db","provider_name":"aws","schema_version":0,"values":{"description":"Example database security group","ingress":[{"cidr":"10.0.0.0/24"}],"name":"rds_sg","tags":null}},{"address":"aws_elasticache_security_group.example_elasticache","mode":"managed","type":"aws_elasticache_security_group","name":"example_elasticache","provider_name":"aws","schema_version":0,"values":{"description":"Example Elasticache","name":"elasticache-security-group","security_group_names":["allow_tls"]}},{"address":"aws_redshift_security_group.example_redshift","mode":"managed","type":"aws_redshift_security_group","name":"example_redshift","provider_name":"aws","schema_version":0,"values":{"description":"Example Redshift","ingress":[{"cidr":"10.0.0.0/24"}],"name":"redshift-sg"}},{"address":"aws_security_group.example_group","mode":"managed","type":"aws_security_group","name":"example_group","provider_name":"aws","schema_version":1,"values":{"description":"Allow TLS inbound traffic","egress":[{"cidr_blocks":["0.0.0.0/0"],"description":"","from_port":0,"ipv6_cidr_blocks":[],"prefix_list_ids":[],"protocol":"-1","security_groups":[],"self":false,"to_port":0}],"ingress":[{"cidr_blocks":["10.0.0.0/16"],"description":"TLS from VPC","from_port":443,"ipv6_cidr_blocks":[],"prefix_list_ids":[],"protocol":"tcp","security_groups":[],"self":false,"to_port":443}],"name":"allow_tls","name_prefix":null,"revoke_rules_on_delete":false,"tags":{"Name":"allow_tls"},"timeouts":null}},{"address":"aws_security_group.example_group_22","mode":"managed","type":"aws_security_group","name":"example_group_22","provider_name":"aws","schema_version":1,"values":{"description":"Allow TLS inbound traffic","egress":[{"cidr_blocks":["0.0.0.0/0"],"description":"","from_port":0,"ipv6_cidr_blocks":[],"prefix_list_ids":[],"protocol":"-1","security_groups":[],"self":false,"to_port":0}],"ingress":[{"cidr_blocks":["10.0.0.0/16"],"description":"TLS from VPC","from_port":443,"ipv6_cidr_blocks":[],"prefix_list_ids":[],"protocol":"tcp","security_groups":[],"self":false,"to_port":22}],"name":"allow_tls","name_prefix":null,"revoke_rules_on_delete":false,"tags":{"Name":"allow_tls"},"timeouts":null}},{"address":"aws_security_group.example_group_3389","mode":"managed","type":"aws_security_group","name":"example_group_3389","provider_name":"aws","schema_version":1,"values":{"description":"Allow TLS inbound traffic","egress":[{"cidr_blocks":["0.0.0.0/0"],"description":"","from_port":0,"ipv6_cidr_blocks":[],"prefix_list_ids":[],"protocol":"-1","security_groups":[],"self":false,"to_port":0}],"ingress":[{"cidr_blocks":["10.0.0.0/16"],"description":"TLS from VPC","from_port":443,"ipv6_cidr_blocks":[],"prefix_list_ids":[],"protocol":"tcp","security_groups":[],"self":false,"to_port":3389}],"name":"allow_tls","name_prefix":null,"revoke_rules_on_delete":false,"tags":{"Name":"allow_tls"},"timeouts":null}},{"address":"aws_security_group_rule.example_rule","mode":"managed","type":"aws_security_group_rule","name":"example_rule","provider_name":"aws","schema_version":2,"values":{"cidr_blocks":["10.0.0.0/16"],"description":"An example security group","from_port":0,"ipv6_cidr_blocks":null,"prefix_list_ids":null,"protocol":"tcp","security_group_id":"sg-123456","self":false,"to_port":65535,"type":"ingress"}},{"address":"aws_security_group_rule.example_rule_22","mode":"managed","type":"aws_security_group_rule","name":"example_rule_22","provider_name":"aws","schema_version":2,"values":{"cidr_blocks":["10.0.0.0/16"],"description":"An example security group","from_port":0,"ipv6_cidr_blocks":null,"prefix_list_ids":null,"protocol":"tcp","security_group_id":"sg-123456","self":false,"to_port":22,"type":"ingress"}},{"address":"aws_security_group_rule.example_rule_3389","mode":"managed","type":"aws_security_group_rule","name":"example_rule_3389","provider_name":"aws","schema_version":2,"values":{"cidr_blocks":["10.0.0.0/16"],"description":"An example security group","from_port":0,"ipv6_cidr_blocks":null,"prefix_list_ids":null,"protocol":"tcp","security_group_id":"sg-123456","self":false,"to_port":3389,"type":"ingress"}}]}},"resource_changes":[{"address":"aws_db_security_group.example_db","mode":"managed","type":"aws_db_security_group","name":"example_db","provider_name":"aws","change":{"actions":["create"],"before":null,"after":{"description":"Example database security group","ingress":[{"cidr":"10.0.0.0/24"}],"name":"rds_sg","tags":null},"after_unknown":{"arn":true,"id":true,"ingress":[{"security_group_id":true,"security_group_name":true,"security_group_owner_id":true}]}}},{"address":"aws_elasticache_security_group.example_elasticache","mode":"managed","type":"aws_elasticache_security_group","name":"example_elasticache","provider_name":"aws","change":{"actions":["create"],"before":null,"after":{"description":"Example Elasticache","name":"elasticache-security-group","security_group_names":["allow_tls"]},"after_unknown":{"id":true,"security_group_names":[false]}}},{"address":"aws_redshift_security_group.example_redshift","mode":"managed","type":"aws_redshift_security_group","name":"example_redshift","provider_name":"aws","change":{"actions":["create"],"before":null,"after":{"description":"Example Redshift","ingress":[{"cidr":"10.0.0.0/24"}],"name":"redshift-sg"},"after_unknown":{"id":true,"ingress":[{"security_group_name":true,"security_group_owner_id":true}]}}},{"address":"aws_security_group.example_group","mode":"managed","type":"aws_security_group","name":"example_group","provider_name":"aws","change":{"actions":["create"],"before":null,"after":{"description":"Allow TLS inbound traffic","egress":[{"cidr_blocks":["0.0.0.0/0"],"description":"","from_port":0,"ipv6_cidr_blocks":[],"prefix_list_ids":[],"protocol":"-1","security_groups":[],"self":false,"to_port":0}],"ingress":[{"cidr_blocks":["10.0.0.0/16"],"description":"TLS from VPC","from_port":443,"ipv6_cidr_blocks":[],"prefix_list_ids":[],"protocol":"tcp","security_groups":[],"self":false,"to_port":443}],"name":"allow_tls","name_prefix":null,"revoke_rules_on_delete":false,"tags":{"Name":"allow_tls"},"timeouts":null},"after_unknown":{"arn":true,"egress":[{"cidr_blocks":[false],"ipv6_cidr_blocks":[],"prefix_list_ids":[],"security_groups":[]}],"id":true,"ingress":[{"cidr_blocks":[false],"ipv6_cidr_blocks":[],"prefix_list_ids":[],"security_groups":[]}],"owner_id":true,"tags":{},"vpc_id":true}}},{"address":"aws_security_group.example_group_22","mode":"managed","type":"aws_security_group","name":"example_group_22","provider_name":"aws","change":{"actions":["create"],"before":null,"after":{"description":"Allow TLS inbound traffic","egress":[{"cidr_blocks":["0.0.0.0/0"],"description":"","from_port":0,"ipv6_cidr_blocks":[],"prefix_list_ids":[],"protocol":"-1","security_groups":[],"self":false,"to_port":0}],"ingress":[{"cidr_blocks":["10.0.0.0/16"],"description":"TLS from VPC","from_port":443,"ipv6_cidr_blocks":[],"prefix_list_ids":[],"protocol":"tcp","security_groups":[],"self":false,"to_port":22}],"name":"allow_tls","name_prefix":null,"revoke_rules_on_delete":false,"tags":{"Name":"allow_tls"},"timeouts":null},"after_unknown":{"arn":true,"egress":[{"cidr_blocks":[false],"ipv6_cidr_blocks":[],"prefix_list_ids":[],"security_groups":[]}],"id":true,"ingress":[{"cidr_blocks":[false],"ipv6_cidr_blocks":[],"prefix_list_ids":[],"security_groups":[]}],"owner_id":true,"tags":{},"vpc_id":true}}},{"address":"aws_security_group.example_group_3389","mode":"managed","type":"aws_security_group","name":"example_group_3389","provider_name":"aws","change":{"actions":["create"],"before":null,"after":{"description":"Allow TLS inbound traffic","egress":[{"cidr_blocks":["0.0.0.0/0"],"description":"","from_port":0,"ipv6_cidr_blocks":[],"prefix_list_ids":[],"protocol":"-1","security_groups":[],"self":false,"to_port":0}],"ingress":[{"cidr_blocks":["10.0.0.0/16"],"description":"TLS from VPC","from_port":443,"ipv6_cidr_blocks":[],"prefix_list_ids":[],"protocol":"tcp","security_groups":[],"self":false,"to_port":3389}],"name":"allow_tls","name_prefix":null,"revoke_rules_on_delete":false,"tags":{"Name":"allow_tls"},"timeouts":null},"after_unknown":{"arn":true,"egress":[{"cidr_blocks":[false],"ipv6_cidr_blocks":[],"prefix_list_ids":[],"security_groups":[]}],"id":true,"ingress":[{"cidr_blocks":[false],"ipv6_cidr_blocks":[],"prefix_list_ids":[],"security_groups":[]}],"owner_id":true,"tags":{},"vpc_id":true}}},{"address":"aws_security_group_rule.example_rule","mode":"managed","type":"aws_security_group_rule","name":"example_rule","provider_name":"aws","change":{"actions":["create"],"before":null,"after":{"cidr_blocks":["10.0.0.0/16"],"description":"An example security group","from_port":0,"ipv6_cidr_blocks":null,"prefix_list_ids":null,"protocol":"tcp","security_group_id":"sg-123456","self":false,"to_port":65535,"type":"ingress"},"after_unknown":{"cidr_blocks":[false],"id":true,"source_security_group_id":true}}},{"address":"aws_security_group_rule.example_rule_22","mode":"managed","type":"aws_security_group_rule","name":"example_rule_22","provider_name":"aws","change":{"actions":["create"],"before":null,"after":{"cidr_blocks":["10.0.0.0/16"],"description":"An example security group","from_port":0,"ipv6_cidr_blocks":null,"prefix_list_ids":null,"protocol":"tcp","security_group_id":"sg-123456","self":false,"to_port":22,"type":"ingress"},"after_unknown":{"cidr_blocks":[false],"id":true,"source_security_group_id":true}}},{"address":"aws_security_group_rule.example_rule_3389","mode":"managed","type":"aws_security_group_rule","name":"example_rule_3389","provider_name":"aws","change":{"actions":["create"],"before":null,"after":{"cidr_blocks":["10.0.0.0/16"],"description":"An example security group","from_port":0,"ipv6_cidr_blocks":null,"prefix_list_ids":null,"protocol":"tcp","security_group_id":"sg-123456","self":false,"to_port":3389,"type":"ingress"},"after_unknown":{"cidr_blocks":[false],"id":true,"source_security_group_id":true}}}],"configuration":{"root_module":{"resources":[{"address":"aws_db_security_group.example_db","mode":"managed","type":"aws_db_security_group","name":"example_db","provider_config_key":"aws","expressions":{"description":{"constant_value":"Example database security group"},"ingress":[{"cidr":{"constant_value":"10.0.0.0/24"}}],"name":{"constant_value":"rds_sg"}},"schema_version":0},{"address":"aws_elasticache_security_group.example_elasticache","mode":"managed","type":"aws_elasticache_security_group","name":"example_elasticache","provider_config_key":"aws","expressions":{"description":{"constant_value":"Example Elasticache"},"name":{"constant_value":"elasticache-security-group"},"security_group_names":{"references":["aws_security_group.example_group"]}},"schema_version":0},{"address":"aws_redshift_security_group.example_redshift","mode":"managed","type":"aws_redshift_security_group","name":"example_redshift","provider_config_key":"aws","expressions":{"description":{"constant_value":"Example Redshift"},"ingress":[{"cidr":{"constant_value":"10.0.0.0/24"}}],"name":{"constant_value":"redshift-sg"}},"schema_version":0},{"address":"aws_security_group.example_group","mode":"managed","type":"aws_security_group","name":"example_group","provider_config_key":"aws","expressions":{"description":{"constant_value":"Allow TLS inbound traffic"},"name":{"constant_value":"allow_tls"},"tags":{"constant_value":{"Name":"allow_tls"}}},"schema_version":1},{"address":"aws_security_group.example_group_22","mode":"managed","type":"aws_security_group","name":"example_group_22","provider_config_key":"aws","expressions":{"description":{"constant_value":"Allow TLS inbound traffic"},"name":{"constant_value":"allow_tls"},"tags":{"constant_value":{"Name":"allow_tls"}}},"schema_version":1},{"address":"aws_security_group.example_group_3389","mode":"managed","type":"aws_security_group","name":"example_group_3389","provider_config_key":"aws","expressions":{"description":{"constant_value":"Allow TLS inbound traffic"},"name":{"constant_value":"allow_tls"},"tags":{"constant_value":{"Name":"allow_tls"}}},"schema_version":1},{"address":"aws_security_group_rule.example_rule","mode":"managed","type":"aws_security_group_rule","name":"example_rule","provider_config_key":"aws","expressions":{"cidr_blocks":{"constant_value":["10.0.0.0/16"]},"description":{"constant_value":"An example security group"},"from_port":{"constant_value":0},"protocol":{"constant_value":"tcp"},"security_group_id":{"constant_value":"sg-123456"},"to_port":{"constant_value":65535},"type":{"constant_value":"ingress"}},"schema_version":2},{"address":"aws_security_group_rule.example_rule_22","mode":"managed","type":"aws_security_group_rule","name":"example_rule_22","provider_config_key":"aws","expressions":{"cidr_blocks":{"constant_value":["10.0.0.0/16"]},"description":{"constant_value":"An example security group"},"from_port":{"constant_value":0},"protocol":{"constant_value":"tcp"},"security_group_id":{"constant_value":"sg-123456"},"to_port":{"constant_value":22},"type":{"constant_value":"ingress"}},"schema_version":2},{"address":"aws_security_group_rule.example_rule_3389","mode":"managed","type":"aws_security_group_rule","name":"example_rule_3389","provider_config_key":"aws","expressions":{"cidr_blocks":{"constant_value":["10.0.0.0/16"]},"description":{"constant_value":"An example security group"},"from_port":{"constant_value":0},"protocol":{"constant_value":"tcp"},"security_group_id":{"constant_value":"sg-123456"},"to_port":{"constant_value":3389},"type":{"constant_value":"ingress"}},"schema_version":2}]}}}
