{"format_version":"0.1","terraform_version":"0.12.25","planned_values":{"root_module":{"resources":[{"address":"aws_kms_key.mykey","mode":"managed","type":"aws_kms_key","name":"mykey","provider_name":"aws","schema_version":0,"values":{"customer_master_key_spec":"SYMMETRIC_DEFAULT","deletion_window_in_days":10,"description":"This key is used to encrypt bucket objects","enable_key_rotation":false,"is_enabled":true,"key_usage":"ENCRYPT_DECRYPT","tags":null}},{"address":"aws_s3_bucket.log_bucket","mode":"managed","type":"aws_s3_bucket","name":"log_bucket","provider_name":"aws","schema_version":0,"values":{"acl":"log-delivery-write","bucket":"mybucket","bucket_prefix":null,"cors_rule":[],"force_destroy":false,"grant":[],"lifecycle_rule":[],"logging":[],"object_lock_configuration":[],"policy":null,"replication_configuration":[],"server_side_encryption_configuration":[{"rule":[{"apply_server_side_encryption_by_default":[{"kms_master_key_id":"$aws_kms_key.mykey.arn","sse_algorithm":"aws:kms"}]}]}],"tags":null,"versioning":[{"enabled":true,"mfa_delete":false}],"website":[]}},{"address":"aws_s3_bucket.mybucket","mode":"managed","type":"aws_s3_bucket","name":"mybucket","provider_name":"aws","schema_version":0,"values":{"acl":"private","bucket":"mybucket","bucket_prefix":null,"cors_rule":[],"force_destroy":false,"grant":[],"lifecycle_rule":[],"logging":[{"target_bucket":"$aws_s3_bucket.log_bucket.id","target_prefix":"log/"}],"object_lock_configuration":[],"policy":null,"replication_configuration":[],"server_side_encryption_configuration":[{"rule":[{"apply_server_side_encryption_by_default":[{"kms_master_key_id":"$aws_kms_key.mykey.arn","sse_algorithm":"aws:kms"}]}]}],"tags":null,"versioning":[{"enabled":true,"mfa_delete":false}],"website":[]}}]}},"resource_changes":[{"address":"aws_kms_key.mykey","mode":"managed","type":"aws_kms_key","name":"mykey","provider_name":"aws","change":{"actions":["create"],"before":null,"after":{"customer_master_key_spec":"SYMMETRIC_DEFAULT","deletion_window_in_days":10,"description":"This key is used to encrypt bucket objects","enable_key_rotation":false,"is_enabled":true,"key_usage":"ENCRYPT_DECRYPT","tags":null},"after_unknown":{"arn":true,"id":true,"key_id":true,"policy":true}}},{"address":"aws_s3_bucket.log_bucket","mode":"managed","type":"aws_s3_bucket","name":"log_bucket","provider_name":"aws","change":{"actions":["create"],"before":null,"after":{"acl":"log-delivery-write","bucket":"mybucket","bucket_prefix":null,"cors_rule":[],"force_destroy":false,"grant":[],"lifecycle_rule":[],"logging":[],"object_lock_configuration":[],"policy":null,"replication_configuration":[],"server_side_encryption_configuration":[{"rule":[{"apply_server_side_encryption_by_default":[{"kms_master_key_id":"$aws_kms_key.mykey.arn","sse_algorithm":"aws:kms"}]}]}],"tags":null,"versioning":[{"enabled":true,"mfa_delete":false}],"website":[]},"after_unknown":{"acceleration_status":true,"arn":true,"bucket_domain_name":true,"bucket_regional_domain_name":true,"cors_rule":[],"grant":[],"hosted_zone_id":true,"id":true,"lifecycle_rule":[],"logging":[],"object_lock_configuration":[],"region":true,"replication_configuration":[],"request_payer":true,"server_side_encryption_configuration":[{"rule":[{"apply_server_side_encryption_by_default":[{}]}]}],"versioning":[{}],"website":[],"website_domain":true,"website_endpoint":true}}},{"address":"aws_s3_bucket.mybucket","mode":"managed","type":"aws_s3_bucket","name":"mybucket","provider_name":"aws","change":{"actions":["create"],"before":null,"after":{"acl":"private","bucket":"mybucket","bucket_prefix":null,"cors_rule":[],"force_destroy":false,"grant":[],"lifecycle_rule":[],"logging":[{"target_bucket":"$aws_s3_bucket.log_bucket.id","target_prefix":"log/"}],"object_lock_configuration":[],"policy":null,"replication_configuration":[],"server_side_encryption_configuration":[{"rule":[{"apply_server_side_encryption_by_default":[{"kms_master_key_id":"$aws_kms_key.mykey.arn","sse_algorithm":"aws:kms"}]}]}],"tags":null,"versioning":[{"enabled":true,"mfa_delete":false}],"website":[]},"after_unknown":{"acceleration_status":true,"arn":true,"bucket_domain_name":true,"bucket_regional_domain_name":true,"cors_rule":[],"grant":[],"hosted_zone_id":true,"id":true,"lifecycle_rule":[],"logging":[{}],"object_lock_configuration":[],"region":true,"replication_configuration":[],"request_payer":true,"server_side_encryption_configuration":[{"rule":[{"apply_server_side_encryption_by_default":[{}]}]}],"versioning":[{}],"website":[],"website_domain":true,"website_endpoint":true}}}],"configuration":{"root_module":{"resources":[{"address":"aws_kms_key.mykey","mode":"managed","type":"aws_kms_key","name":"mykey","provider_config_key":"aws","expressions":{"deletion_window_in_days":{"constant_value":10},"description":{"constant_value":"This key is used to encrypt bucket objects"}},"schema_version":0},{"address":"aws_s3_bucket.log_bucket","mode":"managed","type":"aws_s3_bucket","name":"log_bucket","provider_config_key":"aws","expressions":{"acl":{"constant_value":"log-delivery-write"},"bucket":{"constant_value":"mybucket"},"server_side_encryption_configuration":[{"rule":[{"apply_server_side_encryption_by_default":[{"kms_master_key_id":{"constant_value":"$aws_kms_key.mykey.arn"},"sse_algorithm":{"constant_value":"aws:kms"}}]}]}],"versioning":[{"enabled":{"constant_value":true}}]},"schema_version":0},{"address":"aws_s3_bucket.mybucket","mode":"managed","type":"aws_s3_bucket","name":"mybucket","provider_config_key":"aws","expressions":{"bucket":{"constant_value":"mybucket"},"logging":[{"target_bucket":{"constant_value":"$aws_s3_bucket.log_bucket.id"},"target_prefix":{"constant_value":"log/"}}],"server_side_encryption_configuration":[{"rule":[{"apply_server_side_encryption_by_default":[{"kms_master_key_id":{"constant_value":"$aws_kms_key.mykey.arn"},"sse_algorithm":{"constant_value":"aws:kms"}}]}]}],"versioning":[{"enabled":{"constant_value":true}}]},"schema_version":0}]}}}
